
Microsoft Visual Studio Solution File, Format Version 12.00
# Visual Studio Version 17
VisualStudioVersion = 17.11.35431.28
MinimumVisualStudioVersion = 10.0.40219.1
Project("{8BC9CEB8-8B4A-11D0-8D11-00A0C91BC942}") = "01.RegularExam", "01.RegularExam\01.RegularExam.vcxproj", "{9F70109E-1519-4C83-97D2-AE29423ED2A4}"
EndProject
Project("{8BC9CEB8-8B4A-11D0-8D11-00A0C91BC942}") = "02.RegularExam", "02.RegularExam\02.RegularExam.vcxproj", "{9F5681AB-24F1-413F-BA02-EC70F0CB75E2}"
EndProject
Project("{8BC9CEB8-8B4A-11D0-8D11-00A0C91BC942}") = "03.RegularExam", "03.RegularExam\03.RegularExam.vcxproj", "{1563C608-3EA0-4E0E-AB9C-A1D2350A466E}"
EndProject
Global
	GlobalSection(SolutionConfigurationPlatforms) = preSolution
		Debug|x64 = Debug|x64
		Debug|x86 = Debug|x86
		Release|x64 = Release|x64
		Release|x86 = Release|x86
	EndGlobalSection
	GlobalSection(ProjectConfigurationPlatforms) = postSolution
		{9F70109E-1519-4C83-97D2-AE29423ED2A4}.Debug|x64.ActiveCfg = Debug|x64
		{9F70109E-1519-4C83-97D2-AE29423ED2A4}.Debug|x64.Build.0 = Debug|x64
		{9F70109E-1519-4C83-97D2-AE29423ED2A4}.Debug|x86.ActiveCfg = Debug|Win32
		{9F70109E-1519-4C83-97D2-AE29423ED2A4}.Debug|x86.Build.0 = Debug|Win32
		{9F70109E-1519-4C83-97D2-AE29423ED2A4}.Release|x64.ActiveCfg = Release|x64
		{9F70109E-1519-4C83-97D2-AE29423ED2A4}.Release|x64.Build.0 = Release|x64
		{9F70109E-1519-4C83-97D2-AE29423ED2A4}.Release|x86.ActiveCfg = Release|Win32
		{9F70109E-1519-4C83-97D2-AE29423ED2A4}.Release|x86.Build.0 = Release|Win32
		{9F5681AB-24F1-413F-BA02-EC70F0CB75E2}.Debug|x64.ActiveCfg = Debug|x64
		{9F5681AB-24F1-413F-BA02-EC70F0CB75E2}.Debug|x64.Build.0 = Debug|x64
		{9F5681AB-24F1-413F-BA02-EC70F0CB75E2}.Debug|x86.ActiveCfg = Debug|Win32
		{9F5681AB-24F1-413F-BA02-EC70F0CB75E2}.Debug|x86.Build.0 = Debug|Win32
		{9F5681AB-24F1-413F-BA02-EC70F0CB75E2}.Release|x64.ActiveCfg = Release|x64
		{9F5681AB-24F1-413F-BA02-EC70F0CB75E2}.Release|x64.Build.0 = Release|x64
		{9F5681AB-24F1-413F-BA02-EC70F0CB75E2}.Release|x86.ActiveCfg = Release|Win32
		{9F5681AB-24F1-413F-BA02-EC70F0CB75E2}.Release|x86.Build.0 = Release|Win32
		{1563C608-3EA0-4E0E-AB9C-A1D2350A466E}.Debug|x64.ActiveCfg = Debug|x64
		{1563C608-3EA0-4E0E-AB9C-A1D2350A466E}.Debug|x64.Build.0 = Debug|x64
		{1563C608-3EA0-4E0E-AB9C-A1D2350A466E}.Debug|x86.ActiveCfg = Debug|Win32
		{1563C608-3EA0-4E0E-AB9C-A1D2350A466E}.Debug|x86.Build.0 = Debug|Win32
		{1563C608-3EA0-4E0E-AB9C-A1D2350A466E}.Release|x64.ActiveCfg = Release|x64
		{1563C608-3EA0-4E0E-AB9C-A1D2350A466E}.Release|x64.Build.0 = Release|x64
		{1563C608-3EA0-4E0E-AB9C-A1D2350A466E}.Release|x86.ActiveCfg = Release|Win32
		{1563C608-3EA0-4E0E-AB9C-A1D2350A466E}.Release|x86.Build.0 = Release|Win32
	EndGlobalSection
	GlobalSection(SolutionProperties) = preSolution
		HideSolutionNode = FALSE
	EndGlobalSection
	GlobalSection(ExtensibilityGlobals) = postSolution
		SolutionGuid = {9C6AD867-38C1-45C7-850B-723766C27387}
	EndGlobalSection
EndGlobal
